// !$*UTF8*$!
{
	archiveVersion = 1;
	classes = {
	};
	objectVersion = 46;
	objects = {

/* Begin PBXBuildFile section */
		BFE917161EA9A4D7000B30C3 /* 转账.png in Resources */ = {isa = PBXBuildFile; fileRef = BFE917151EA9A4D7000B30C3 /* 转账.png */; };
		BFE917181EA9A4E9000B30C3 /* 充值.png in Resources */ = {isa = PBXBuildFile; fileRef = BFE917171EA9A4E9000B30C3 /* 充值.png */; };
		BFE9171A1EA9A4F7000B30C3 /* 信用卡.png in Resources */ = {isa = PBXBuildFile; fileRef = BFE917191EA9A4F7000B30C3 /* 信用卡.png */; };
		BFE9171E1EA9B073000B30C3 /* CustomCell.m in Sources */ = {isa = PBXBuildFile; fileRef = BFE9171C1EA9B073000B30C3 /* CustomCell.m */; };
		BFE9171F1EA9B073000B30C3 /* CustomCell.xib in Resources */ = {isa = PBXBuildFile; fileRef = BFE9171D1EA9B073000B30C3 /* CustomCell.xib */; };
		BFE917241EA9B9BC000B30C3 /* CustomLayout.m in Sources */ = {isa = PBXBuildFile; fileRef = BFE917231EA9B9BC000B30C3 /* CustomLayout.m */; };
		BFEC85521EA99C5A00979574 /* main.m in Sources */ = {isa = PBXBuildFile; fileRef = BFEC85511EA99C5A00979574 /* main.m */; };
		BFEC85551EA99C5A00979574 /* AppDelegate.m in Sources */ = {isa = PBXBuildFile; fileRef = BFEC85541EA99C5A00979574 /* AppDelegate.m */; };
		BFEC85581EA99C5A00979574 /* ViewController.m in Sources */ = {isa = PBXBuildFile; fileRef = BFEC85571EA99C5A00979574 /* ViewController.m */; };
		BFEC855B1EA99C5A00979574 /* Main.storyboard in Resources */ = {isa = PBXBuildFile; fileRef = BFEC85591EA99C5A00979574 /* Main.storyboard */; };
		BFEC855E1EA99C5A00979574 /* collectionV.xcdatamodeld in Sources */ = {isa = PBXBuildFile; fileRef = BFEC855C1EA99C5A00979574 /* collectionV.xcdatamodeld */; };
		BFEC85601EA99C5A00979574 /* Assets.xcassets in Resources */ = {isa = PBXBuildFile; fileRef = BFEC855F1EA99C5A00979574 /* Assets.xcassets */; };
		BFEC85631EA99C5A00979574 /* LaunchScreen.storyboard in Resources */ = {isa = PBXBuildFile; fileRef = BFEC85611EA99C5A00979574 /* LaunchScreen.storyboard */; };
/* End PBXBuildFile section */

/* Begin PBXFileReference section */
		BFE917151EA9A4D7000B30C3 /* 转账.png */ = {isa = PBXFileReference; lastKnownFileType = image.png; path = "转账.png"; sourceTree = "<group>"; };
		BFE917171EA9A4E9000B30C3 /* 充值.png */ = {isa = PBXFileReference; lastKnownFileType = image.png; path = "充值.png"; sourceTree = "<group>"; };
		BFE917191EA9A4F7000B30C3 /* 信用卡.png */ = {isa = PBXFileReference; lastKnownFileType = image.png; path = "信用卡.png"; sourceTree = "<group>"; };
		BFE9171B1EA9B073000B30C3 /* CustomCell.h */ = {isa = PBXFileReference; fileEncoding = 4; lastKnownFileType = sourcecode.c.h; path = CustomCell.h; sourceTree = "<group>"; };
		BFE9171C1EA9B073000B30C3 /* CustomCell.m */ = {isa = PBXFileReference; fileEncoding = 4; lastKnownFileType = sourcecode.c.objc; path = CustomCell.m; sourceTree = "<group>"; };
		BFE9171D1EA9B073000B30C3 /* CustomCell.xib */ = {isa = PBXFileReference; fileEncoding = 4; lastKnownFileType = file.xib; path = CustomCell.xib; sourceTree = "<group>"; };
		BFE917221EA9B9BC000B30C3 /* CustomLayout.h */ = {isa = PBXFileReference; fileEncoding = 4; lastKnownFileType = sourcecode.c.h; path = CustomLayout.h; sourceTree = "<group>"; };
		BFE917231EA9B9BC000B30C3 /* CustomLayout.m */ = {isa = PBXFileReference; fileEncoding = 4; lastKnownFileType = sourcecode.c.objc; path = CustomLayout.m; sourceTree = "<group>"; };
		BFEC854D1EA99C5A00979574 /* collectionV.app */ = {isa = PBXFileReference; explicitFileType = wrapper.application; includeInIndex = 0; path = collectionV.app; sourceTree = BUILT_PRODUCTS_DIR; };
		BFEC85511EA99C5A00979574 /* main.m */ = {isa = PBXFileReference; lastKnownFileType = sourcecode.c.objc; path = main.m; sourceTree = "<group>"; };
		BFEC85531EA99C5A00979574 /* AppDelegate.h */ = {isa = PBXFileReference; lastKnownFileType = sourcecode.c.h; path = AppDelegate.h; sourceTree = "<group>"; };
		BFEC85541EA99C5A00979574 /* AppDelegate.m */ = {isa = PBXFileReference; lastKnownFileType = sourcecode.c.objc; path = AppDelegate.m; sourceTree = "<group>"; };
		BFEC85561EA99C5A00979574 /* ViewController.h */ = {isa = PBXFileReference; lastKnownFileType = sourcecode.c.h; path = ViewController.h; sourceTree = "<group>"; };
		BFEC85571EA99C5A00979574 /* ViewController.m */ = {isa = PBXFileReference; lastKnownFileType = sourcecode.c.objc; path = ViewController.m; sourceTree = "<group>"; };
		BFEC855A1EA99C5A00979574 /* Base */ = {isa = PBXFileReference; lastKnownFileType = file.storyboard; name = Base; path = Base.lproj/Main.storyboard; sourceTree = "<group>"; };
		BFEC855D1EA99C5A00979574 /* collectionV.xcdatamodel */ = {isa = PBXFileReference; lastKnownFileType = wrapper.xcdatamodel; path = collectionV.xcdatamodel; sourceTree = "<group>"; };
		BFEC855F1EA99C5A00979574 /* Assets.xcassets */ = {isa = PBXFileReference; lastKnownFileType = folder.assetcatalog; path = Assets.xcassets; sourceTree = "<group>"; };
		BFEC85621EA99C5A00979574 /* Base */ = {isa = PBXFileReference; lastKnownFileType = file.storyboard; name = Base; path = Base.lproj/LaunchScreen.storyboard; sourceTree = "<group>"; };
		BFEC85641EA99C5A00979574 /* Info.plist */ = {isa = PBXFileReference; lastKnownFileType = text.plist.xml; path = Info.plist; sourceTree = "<group>"; };
/* End PBXFileReference section */

/* Begin PBXFrameworksBuildPhase section */
		BFEC854A1EA99C5A00979574 /* Frameworks */ = {
			isa = PBXFrameworksBuildPhase;
			buildActionMask = 2147483647;
			files = (
			);
			runOnlyForDeploymentPostprocessing = 0;
		};
/* End PBXFrameworksBuildPhase section */

/* Begin PBXGroup section */
		BFEC85441EA99C5A00979574 = {
			isa = PBXGroup;
			children = (
				BFEC854F1EA99C5A00979574 /* collectionV */,
				BFEC854E1EA99C5A00979574 /* Products */,
			);
			sourceTree = "<group>";
		};
		BFEC854E1EA99C5A00979574 /* Products */ = {
			isa = PBXGroup;
			children = (
				BFEC854D1EA99C5A00979574 /* collectionV.app */,
			);
			name = Products;
			sourceTree = "<group>";
		};
		BFEC854F1EA99C5A00979574 /* collectionV */ = {
			isa = PBXGroup;
			children = (
				BFEC85531EA99C5A00979574 /* AppDelegate.h */,
				BFEC85541EA99C5A00979574 /* AppDelegate.m */,
				BFEC85561EA99C5A00979574 /* ViewController.h */,
				BFEC85571EA99C5A00979574 /* ViewController.m */,
				BFE917221EA9B9BC000B30C3 /* CustomLayout.h */,
				BFE917231EA9B9BC000B30C3 /* CustomLayout.m */,
				BFE9171B1EA9B073000B30C3 /* CustomCell.h */,
				BFE9171C1EA9B073000B30C3 /* CustomCell.m */,
				BFE9171D1EA9B073000B30C3 /* CustomCell.xib */,
				BFEC85591EA99C5A00979574 /* Main.storyboard */,
				BFEC855F1EA99C5A00979574 /* Assets.xcassets */,
				BFE917151EA9A4D7000B30C3 /* 转账.png */,
				BFE917171EA9A4E9000B30C3 /* 充值.png */,
				BFE917191EA9A4F7000B30C3 /* 信用卡.png */,
				BFEC85611EA99C5A00979574 /* LaunchScreen.storyboard */,
				BFEC85641EA99C5A00979574 /* Info.plist */,
				BFEC855C1EA99C5A00979574 /* collectionV.xcdatamodeld */,
				BFEC85501EA99C5A00979574 /* Supporting Files */,
			);
			path = collectionV;
			sourceTree = "<group>";
		};
		BFEC85501EA99C5A00979574 /* Supporting Files */ = {
			isa = PBXGroup;
			children = (
				BFEC85511EA99C5A00979574 /* main.m */,
			);
			name = "Supporting Files";
			sourceTree = "<group>";
		};
/* End PBXGroup section */

/* Begin PBXNativeTarget section */
		BFEC854C1EA99C5A00979574 /* collectionV */ = {
			isa = PBXNativeTarget;
			buildConfigurationList = BFEC85671EA99C5A00979574 /* Build configuration list for PBXNativeTarget "collectionV" */;
			buildPhases = (
				BFEC85491EA99C5A00979574 /* Sources */,
				BFEC854A1EA99C5A00979574 /* Frameworks */,
				BFEC854B1EA99C5A00979574 /* Resources */,
			);
			buildRules = (
			);
			dependencies = (
			);
			name = collectionV;
			productName = collectionV;
			productReference = BFEC854D1EA99C5A00979574 /* collectionV.app */;
			productType = "com.apple.product-type.application";
		};
/* End PBXNativeTarget section */

/* Begin PBXProject section */
		BFEC85451EA99C5A00979574 /* Project object */ = {
			isa = PBXProject;
			attributes = {
				LastUpgradeCheck = 0820;
				ORGANIZATIONNAME = xueshan;
				TargetAttributes = {
					BFEC854C1EA99C5A00979574 = {
						CreatedOnToolsVersion = 8.2.1;
						DevelopmentTeam = NTGLT3L6V2;
						ProvisioningStyle = Automatic;
					};
				};
			};
			buildConfigurationList = BFEC85481EA99C5A00979574 /* Build configuration list for PBXProject "collectionV" */;
			compatibilityVersion = "Xcode 3.2";
			developmentRegion = English;
			hasScannedForEncodings = 0;
			knownRegions = (
				en,
				Base,
			);
			mainGroup = BFEC85441EA99C5A00979574;
			productRefGroup = BFEC854E1EA99C5A00979574 /* Products */;
			projectDirPath = "";
			projectRoot = "";
			targets = (
				BFEC854C1EA99C5A00979574 /* collectionV */,
			);
		};
/* End PBXProject section */

/* Begin PBXResourcesBuildPhase section */
		BFEC854B1EA99C5A00979574 /* Resources */ = {
			isa = PBXResourcesBuildPhase;
			buildActionMask = 2147483647;
			files = (
				BFE9171A1EA9A4F7000B30C3 /* 信用卡.png in Resources */,
				BFE917181EA9A4E9000B30C3 /* 充值.png in Resources */,
				BFE9171F1EA9B073000B30C3 /* CustomCell.xib in Resources */,
				BFEC85631EA99C5A00979574 /* LaunchScreen.storyboard in Resources */,
				BFEC85601EA99C5A00979574 /* Assets.xcassets in Resources */,
				BFEC855B1EA99C5A00979574 /* Main.storyboard in Resources */,
				BFE917161EA9A4D7000B30C3 /* 转账.png in Resources */,
			);
			runOnlyForDeploymentPostprocessing = 0;
		};
/* End PBXResourcesBuildPhase section */

/* Begin PBXSourcesBuildPhase section */
		BFEC85491EA99C5A00979574 /* Sources */ = {
			isa = PBXSourcesBuildPhase;
			buildActionMask = 2147483647;
			files = (
				BFE917241EA9B9BC000B30C3 /* CustomLayout.m in Sources */,
				BFEC85581EA99C5A00979574 /* ViewController.m in Sources */,
				BFEC85551EA99C5A00979574 /* AppDelegate.m in Sources */,
				BFEC855E1EA99C5A00979574 /* collectionV.xcdatamodeld in Sources */,
				BFEC85521EA99C5A00979574 /* main.m in Sources */,
				BFE9171E1EA9B073000B30C3 /* CustomCell.m in Sources */,
			);
			runOnlyForDeploymentPostprocessing = 0;
		};
/* End PBXSourcesBuildPhase section */

/* Begin PBXVariantGroup section */
		BFEC85591EA99C5A00979574 /* Main.storyboard */ = {
			isa = PBXVariantGroup;
			children = (
				BFEC855A1EA99C5A00979574 /* Base */,
			);
			name = Main.storyboard;
			sourceTree = "<group>";
		};
		BFEC85611EA99C5A00979574 /* LaunchScreen.storyboard */ = {
			isa = PBXVariantGroup;
			children = (
				BFEC85621EA99C5A00979574 /* Base */,
			);
			name = LaunchScreen.storyboard;
			sourceTree = "<group>";
		};
/* End PBXVariantGroup section */

/* Begin XCBuildConfiguration section */
		BFEC85651EA99C5A00979574 /* Debug */ = {
			isa = XCBuildConfiguration;
			buildSettings = {
				ALWAYS_SEARCH_USER_PATHS = NO;
				CLANG_ANALYZER_NONNULL = YES;
				CLANG_CXX_LANGUAGE_STANDARD = "gnu++0x";
				CLANG_CXX_LIBRARY = "libc++";
				CLANG_ENABLE_MODULES = YES;
				CLANG_ENABLE_OBJC_ARC = YES;
				CLANG_WARN_BOOL_CONVERSION = YES;
				CLANG_WARN_CONSTANT_CONVERSION = YES;
				CLANG_WARN_DIRECT_OBJC_ISA_USAGE = YES_ERROR;
				CLANG_WARN_DOCUMENTATION_COMMENTS = YES;
				CLANG_WARN_EMPTY_BODY = YES;
				CLANG_WARN_ENUM_CONVERSION = YES;
				CLANG_WARN_INFINITE_RECURSION = YES;
				CLANG_WARN_INT_CONVERSION = YES;
				CLANG_WARN_OBJC_ROOT_CLASS = YES_ERROR;
				CLANG_WARN_SUSPICIOUS_MOVE = YES;
				CLANG_WARN_UNREACHABLE_CODE = YES;
				CLANG_WARN__DUPLICATE_METHOD_MATCH = YES;
				"CODE_SIGN_IDENTITY[sdk=iphoneos*]" = "iPhone Developer";
				COPY_PHASE_STRIP = NO;
				DEBUG_INFORMATION_FORMAT = dwarf;
				ENABLE_STRICT_OBJC_MSGSEND = YES;
				ENABLE_TESTABILITY = YES;
				GCC_C_LANGUAGE_STANDARD = gnu99;
				GCC_DYNAMIC_NO_PIC = NO;
				GCC_NO_COMMON_BLOCKS = YES;
				GCC_OPTIMIZATION_LEVEL = 0;
				GCC_PREPROCESSOR_DEFINITIONS = (
					"DEBUG=1",
					"$(inherited)",
				);
				GCC_WARN_64_TO_32_BIT_CONVERSION = YES;
				GCC_WARN_ABOUT_RETURN_TYPE = YES_ERROR;
				GCC_WARN_UNDECLARED_SELECTOR = YES;
				GCC_WARN_UNINITIALIZED_AUTOS = YES_AGGRESSIVE;
				GCC_WARN_UNUSED_FUNCTION = YES;
				GCC_WARN_UNUSED_VARIABLE = YES;
				IPHONEOS_DEPLOYMENT_TARGET = 10.2;
				MTL_ENABLE_DEBUG_INFO = YES;
				ONLY_ACTIVE_ARCH = YES;
				SDKROOT = iphoneos;
			};
			name = Debug;
		};
		BFEC85661EA99C5A00979574 /* Release */ = {
			isa = XCBuildConfiguration;
			buildSettings = {
				ALWAYS_SEARCH_USER_PATHS = NO;
				CLANG_ANALYZER_NONNULL = YES;
				CLANG_CXX_LANGUAGE_STANDARD = "gnu++0x";
				CLANG_CXX_LIBRARY = "libc++";
				CLANG_ENABLE_MODULES = YES;
				CLANG_ENABLE_OBJC_ARC = YES;
				CLANG_WARN_BOOL_CONVERSION = YES;
				CLANG_WARN_CONSTANT_CONVERSION = YES;
				CLANG_WARN_DIRECT_OBJC_ISA_USAGE = YES_ERROR;
				CLANG_WARN_DOCUMENTATION_COMMENTS = YES;
				CLANG_WARN_EMPTY_BODY = YES;
				CLANG_WARN_ENUM_CONVERSION = YES;
				CLANG_WARN_INFINITE_RECURSION = YES;
				CLANG_WARN_INT_CONVERSION = YES;
				CLANG_WARN_OBJC_ROOT_CLASS = YES_ERROR;
				CLANG_WARN_SUSPICIOUS_MOVE = YES;
				CLANG_WARN_UNREACHABLE_CODE = YES;
				CLANG_WARN__DUPLICATE_METHOD_MATCH = YES;
				"CODE_SIGN_IDENTITY[sdk=iphoneos*]" = "iPhone Developer";
				COPY_PHASE_STRIP = NO;
				DEBUG_INFORMATION_FORMAT = "dwarf-with-dsym";
				ENABLE_NS_ASSERTIONS = NO;
				ENABLE_STRICT_OBJC_MSGSEND = YES;
				GCC_C_LANGUAGE_STANDARD = gnu99;
				GCC_NO_COMMON_BLOCKS = YES;
				GCC_WARN_64_TO_32_BIT_CONVERSION = YES;
				GCC_WARN_ABOUT_RETURN_TYPE = YES_ERROR;
				GCC_WARN_UNDECLARED_SELECTOR = YES;
				GCC_WARN_UNINITIALIZED_AUTOS = YES_AGGRESSIVE;
				GCC_WARN_UNUSED_FUNCTION = YES;
				GCC_WARN_UNUSED_VARIABLE = YES;
				IPHONEOS_DEPLOYMENT_TARGET = 10.2;
				MTL_ENABLE_DEBUG_INFO = NO;
				SDKROOT = iphoneos;
				VALIDATE_PRODUCT = YES;
			};
			name = Release;
		};
		BFEC85681EA99C5A00979574 /* Debug */ = {
			isa = XCBuildConfiguration;
			buildSettings = {
				ASSETCATALOG_COMPILER_APPICON_NAME = AppIcon;
				DEVELOPMENT_TEAM = NTGLT3L6V2;
				INFOPLIST_FILE = collectionV/Info.plist;
				LD_RUNPATH_SEARCH_PATHS = "$(inherited) @executable_path/Frameworks";
				PRODUCT_BUNDLE_IDENTIFIER = com.gopay.collectionV;
				PRODUCT_NAME = "$(TARGET_NAME)";
			};
			name = Debug;
		};
		BFEC85691EA99C5A00979574 /* Release */ = {
			isa = XCBuildConfiguration;
			buildSettings = {
				ASSETCATALOG_COMPILER_APPICON_NAME = AppIcon;
				DEVELOPMENT_TEAM = NTGLT3L6V2;
				INFOPLIST_FILE = collectionV/Info.plist;
				LD_RUNPATH_SEARCH_PATHS = "$(inherited) @executable_path/Frameworks";
				PRODUCT_BUNDLE_IDENTIFIER = com.gopay.collectionV;
				PRODUCT_NAME = "$(TARGET_NAME)";
			};
			name = Release;
		};
/* End XCBuildConfiguration section */

/* Begin XCConfigurationList section */
		BFEC85481EA99C5A00979574 /* Build configuration list for PBXProject "collectionV" */ = {
			isa = XCConfigurationList;
			buildConfigurations = (
				BFEC85651EA99C5A00979574 /* Debug */,
				BFEC85661EA99C5A00979574 /* Release */,
			);
			defaultConfigurationIsVisible = 0;
			defaultConfigurationName = Release;
		};
		BFEC85671EA99C5A00979574 /* Build configuration list for PBXNativeTarget "collectionV" */ = {
			isa = XCConfigurationList;
			buildConfigurations = (
				BFEC85681EA99C5A00979574 /* Debug */,
				BFEC85691EA99C5A00979574 /* Release */,
			);
			defaultConfigurationIsVisible = 0;
			defaultConfigurationName = Release;
		};
/* End XCConfigurationList section */

/* Begin XCVersionGroup section */
		BFEC855C1EA99C5A00979574 /* collectionV.xcdatamodeld */ = {
			isa = XCVersionGroup;
			children = (
				BFEC855D1EA99C5A00979574 /* collectionV.xcdatamodel */,
			);
			currentVersion = BFEC855D1EA99C5A00979574 /* collectionV.xcdatamodel */;
			path = collectionV.xcdatamodeld;
			sourceTree = "<group>";
			versionGroupType = wrapper.xcdatamodel;
		};
/* End XCVersionGroup section */
	};
	rootObject = BFEC85451EA99C5A00979574 /* Project object */;
}
